
Microsoft Visual Studio Solution File, Format Version 12.00
# Visual Studio Version 17
VisualStudioVersion = 17.6.33829.357
MinimumVisualStudioVersion = 10.0.40219.1
Project("{8BC9CEB8-8B4A-11D0-8D11-00A0C91BC942}") = "链表库", "链表库\链表库.vcxproj", "{BB5172AD-963E-4150-8F0E-7430C6F3831D}"
EndProject
Global
	GlobalSection(SolutionConfigurationPlatforms) = preSolution
		Debug|x64 = Debug|x64
		Debug|x86 = Debug|x86
		Release|x64 = Release|x64
		Release|x86 = Release|x86
	EndGlobalSection
	GlobalSection(ProjectConfigurationPlatforms) = postSolution
		{BB5172AD-963E-4150-8F0E-7430C6F3831D}.Debug|x64.ActiveCfg = Debug|x64
		{BB5172AD-963E-4150-8F0E-7430C6F3831D}.Debug|x64.Build.0 = Debug|x64
		{BB5172AD-963E-4150-8F0E-7430C6F3831D}.Debug|x86.ActiveCfg = Debug|Win32
		{BB5172AD-963E-4150-8F0E-7430C6F3831D}.Debug|x86.Build.0 = Debug|Win32
		{BB5172AD-963E-4150-8F0E-7430C6F3831D}.Release|x64.ActiveCfg = Release|x64
		{BB5172AD-963E-4150-8F0E-7430C6F3831D}.Release|x64.Build.0 = Release|x64
		{BB5172AD-963E-4150-8F0E-7430C6F3831D}.Release|x86.ActiveCfg = Release|Win32
		{BB5172AD-963E-4150-8F0E-7430C6F3831D}.Release|x86.Build.0 = Release|Win32
	EndGlobalSection
	GlobalSection(SolutionProperties) = preSolution
		HideSolutionNode = FALSE
	EndGlobalSection
	GlobalSection(ExtensibilityGlobals) = postSolution
		SolutionGuid = {6A00347C-84CC-4F84-ABB3-9792F37A7592}
	EndGlobalSection
EndGlobal
